
Microsoft Visual Studio Solution File, Format Version 12.00
# Visual Studio 14
VisualStudioVersion = 14.0.25420.1
MinimumVisualStudioVersion = 10.0.40219.1
Project("{FAE04EC0-301F-11D3-BF4B-00C04F79EFBC}") = "TPElab1", "TPElab1\TPElab1.csproj", "{1DC7B834-14DB-45CE-BCB2-9816F3B65394}"
EndProject
Project("{FAE04EC0-301F-11D3-BF4B-00C04F79EFBC}") = "TPElab2", "TPElab2\TPElab2.csproj", "{7F85915B-5C9B-4A58-8238-36873210B668}"
EndProject
Project("{FAE04EC0-301F-11D3-BF4B-00C04F79EFBC}") = "EPTlab1", "EPTlab1\EPTlab1.csproj", "{301BB879-9FE0-4C2B-B766-0FEB06BBB029}"
EndProject
Project("{FAE04EC0-301F-11D3-BF4B-00C04F79EFBC}") = "EPTlab2", "EPTlab2\EPTlab2.csproj", "{BA1BE9F7-95DF-450B-9D69-F32A34816040}"
EndProject
Project("{FAE04EC0-301F-11D3-BF4B-00C04F79EFBC}") = "EPTlab3", "EPTlab3\EPTlab3.csproj", "{1B655857-D726-4FAD-AB2D-F9C2C6A0088D}"
EndProject
Project("{FAE04EC0-301F-11D3-BF4B-00C04F79EFBC}") = "EPTlab4", "EPTlab4\EPTlab4.csproj", "{F6AF0673-DB2F-44A1-9559-5059532DD2BC}"
EndProject
Project("{FAE04EC0-301F-11D3-BF4B-00C04F79EFBC}") = "EPTlab5", "EPTlab5\EPTlab5.csproj", "{CD2B58A9-1860-45B2-B0BE-2F8519DC2B51}"
EndProject
Project("{FAE04EC0-301F-11D3-BF4B-00C04F79EFBC}") = "EPTlab6", "EPTlab6\EPTlab6.csproj", "{393971C4-16E4-4A29-8ED6-7908BFE2EF00}"
EndProject
Project("{FAE04EC0-301F-11D3-BF4B-00C04F79EFBC}") = "EPTlab8", "EPTlab8\EPTlab8.csproj", "{2CF2954A-1E7D-4A82-9266-750F65066433}"
EndProject
Project("{FAE04EC0-301F-11D3-BF4B-00C04F79EFBC}") = "EPTlab7", "EPTlab7\EPTlab7.csproj", "{344D2523-FA8A-42DD-A652-B5F7F2FF9A4C}"
EndProject
Global
	GlobalSection(SolutionConfigurationPlatforms) = preSolution
		Debug|Any CPU = Debug|Any CPU
		Release|Any CPU = Release|Any CPU
	EndGlobalSection
	GlobalSection(ProjectConfigurationPlatforms) = postSolution
		{1DC7B834-14DB-45CE-BCB2-9816F3B65394}.Debug|Any CPU.ActiveCfg = Debug|Any CPU
		{1DC7B834-14DB-45CE-BCB2-9816F3B65394}.Debug|Any CPU.Build.0 = Debug|Any CPU
		{1DC7B834-14DB-45CE-BCB2-9816F3B65394}.Release|Any CPU.ActiveCfg = Release|Any CPU
		{1DC7B834-14DB-45CE-BCB2-9816F3B65394}.Release|Any CPU.Build.0 = Release|Any CPU
		{7F85915B-5C9B-4A58-8238-36873210B668}.Debug|Any CPU.ActiveCfg = Debug|Any CPU
		{7F85915B-5C9B-4A58-8238-36873210B668}.Debug|Any CPU.Build.0 = Debug|Any CPU
		{7F85915B-5C9B-4A58-8238-36873210B668}.Release|Any CPU.ActiveCfg = Release|Any CPU
		{7F85915B-5C9B-4A58-8238-36873210B668}.Release|Any CPU.Build.0 = Release|Any CPU
		{301BB879-9FE0-4C2B-B766-0FEB06BBB029}.Debug|Any CPU.ActiveCfg = Debug|Any CPU
		{301BB879-9FE0-4C2B-B766-0FEB06BBB029}.Debug|Any CPU.Build.0 = Debug|Any CPU
		{301BB879-9FE0-4C2B-B766-0FEB06BBB029}.Debug|Any CPU.Deploy.0 = Debug|Any CPU
		{301BB879-9FE0-4C2B-B766-0FEB06BBB029}.Release|Any CPU.ActiveCfg = Release|Any CPU
		{301BB879-9FE0-4C2B-B766-0FEB06BBB029}.Release|Any CPU.Build.0 = Release|Any CPU
		{301BB879-9FE0-4C2B-B766-0FEB06BBB029}.Release|Any CPU.Deploy.0 = Release|Any CPU
		{BA1BE9F7-95DF-450B-9D69-F32A34816040}.Debug|Any CPU.ActiveCfg = Debug|Any CPU
		{BA1BE9F7-95DF-450B-9D69-F32A34816040}.Debug|Any CPU.Build.0 = Debug|Any CPU
		{BA1BE9F7-95DF-450B-9D69-F32A34816040}.Debug|Any CPU.Deploy.0 = Debug|Any CPU
		{BA1BE9F7-95DF-450B-9D69-F32A34816040}.Release|Any CPU.ActiveCfg = Release|Any CPU
		{BA1BE9F7-95DF-450B-9D69-F32A34816040}.Release|Any CPU.Build.0 = Release|Any CPU
		{BA1BE9F7-95DF-450B-9D69-F32A34816040}.Release|Any CPU.Deploy.0 = Release|Any CPU
		{1B655857-D726-4FAD-AB2D-F9C2C6A0088D}.Debug|Any CPU.ActiveCfg = Debug|Any CPU
		{1B655857-D726-4FAD-AB2D-F9C2C6A0088D}.Debug|Any CPU.Build.0 = Debug|Any CPU
		{1B655857-D726-4FAD-AB2D-F9C2C6A0088D}.Debug|Any CPU.Deploy.0 = Debug|Any CPU
		{1B655857-D726-4FAD-AB2D-F9C2C6A0088D}.Release|Any CPU.ActiveCfg = Release|Any CPU
		{1B655857-D726-4FAD-AB2D-F9C2C6A0088D}.Release|Any CPU.Build.0 = Release|Any CPU
		{1B655857-D726-4FAD-AB2D-F9C2C6A0088D}.Release|Any CPU.Deploy.0 = Release|Any CPU
		{F6AF0673-DB2F-44A1-9559-5059532DD2BC}.Debug|Any CPU.ActiveCfg = Debug|Any CPU
		{F6AF0673-DB2F-44A1-9559-5059532DD2BC}.Debug|Any CPU.Build.0 = Debug|Any CPU
		{F6AF0673-DB2F-44A1-9559-5059532DD2BC}.Debug|Any CPU.Deploy.0 = Debug|Any CPU
		{F6AF0673-DB2F-44A1-9559-5059532DD2BC}.Release|Any CPU.ActiveCfg = Release|Any CPU
		{F6AF0673-DB2F-44A1-9559-5059532DD2BC}.Release|Any CPU.Build.0 = Release|Any CPU
		{F6AF0673-DB2F-44A1-9559-5059532DD2BC}.Release|Any CPU.Deploy.0 = Release|Any CPU
		{CD2B58A9-1860-45B2-B0BE-2F8519DC2B51}.Debug|Any CPU.ActiveCfg = Debug|Any CPU
		{CD2B58A9-1860-45B2-B0BE-2F8519DC2B51}.Debug|Any CPU.Build.0 = Debug|Any CPU
		{CD2B58A9-1860-45B2-B0BE-2F8519DC2B51}.Debug|Any CPU.Deploy.0 = Debug|Any CPU
		{CD2B58A9-1860-45B2-B0BE-2F8519DC2B51}.Release|Any CPU.ActiveCfg = Release|Any CPU
		{CD2B58A9-1860-45B2-B0BE-2F8519DC2B51}.Release|Any CPU.Build.0 = Release|Any CPU
		{CD2B58A9-1860-45B2-B0BE-2F8519DC2B51}.Release|Any CPU.Deploy.0 = Release|Any CPU
		{393971C4-16E4-4A29-8ED6-7908BFE2EF00}.Debug|Any CPU.ActiveCfg = Debug|Any CPU
		{393971C4-16E4-4A29-8ED6-7908BFE2EF00}.Debug|Any CPU.Build.0 = Debug|Any CPU
		{393971C4-16E4-4A29-8ED6-7908BFE2EF00}.Debug|Any CPU.Deploy.0 = Debug|Any CPU
		{393971C4-16E4-4A29-8ED6-7908BFE2EF00}.Release|Any CPU.ActiveCfg = Release|Any CPU
		{393971C4-16E4-4A29-8ED6-7908BFE2EF00}.Release|Any CPU.Build.0 = Release|Any CPU
		{393971C4-16E4-4A29-8ED6-7908BFE2EF00}.Release|Any CPU.Deploy.0 = Release|Any CPU
		{2CF2954A-1E7D-4A82-9266-750F65066433}.Debug|Any CPU.ActiveCfg = Debug|Any CPU
		{2CF2954A-1E7D-4A82-9266-750F65066433}.Debug|Any CPU.Build.0 = Debug|Any CPU
		{2CF2954A-1E7D-4A82-9266-750F65066433}.Debug|Any CPU.Deploy.0 = Debug|Any CPU
		{2CF2954A-1E7D-4A82-9266-750F65066433}.Release|Any CPU.ActiveCfg = Release|Any CPU
		{2CF2954A-1E7D-4A82-9266-750F65066433}.Release|Any CPU.Build.0 = Release|Any CPU
		{2CF2954A-1E7D-4A82-9266-750F65066433}.Release|Any CPU.Deploy.0 = Release|Any CPU
		{344D2523-FA8A-42DD-A652-B5F7F2FF9A4C}.Debug|Any CPU.ActiveCfg = Debug|Any CPU
		{344D2523-FA8A-42DD-A652-B5F7F2FF9A4C}.Debug|Any CPU.Build.0 = Debug|Any CPU
		{344D2523-FA8A-42DD-A652-B5F7F2FF9A4C}.Debug|Any CPU.Deploy.0 = Debug|Any CPU
		{344D2523-FA8A-42DD-A652-B5F7F2FF9A4C}.Release|Any CPU.ActiveCfg = Release|Any CPU
		{344D2523-FA8A-42DD-A652-B5F7F2FF9A4C}.Release|Any CPU.Build.0 = Release|Any CPU
		{344D2523-FA8A-42DD-A652-B5F7F2FF9A4C}.Release|Any CPU.Deploy.0 = Release|Any CPU
	EndGlobalSection
	GlobalSection(SolutionProperties) = preSolution
		HideSolutionNode = FALSE
	EndGlobalSection
EndGlobal
